<?xml version="1.0" encoding="utf-8"?>
<Project ToolsVersion="4.0" xmlns="http://schemas.microsoft.com/developer/msbuild/2003">
  <ItemGroup>
    <Filter Include="Source Files">
      <UniqueIdentifier>{30511ac6-ea01-4f56-bcaa-7dde603b4882}</UniqueIdentifier>
      <Extensions>cpp;c;cxx;rc;def;r;odl;idl;hpj;bat</Extensions>
    </Filter>
    <Filter Include="Header Files">
      <UniqueIdentifier>{271405e0-454a-4b73-bf07-37b3ef26cb71}</UniqueIdentifier>
      <Extensions>h;hpp;hxx;hm;inl</Extensions>
    </Filter>
    <Filter Include="Resource Files">
      <UniqueIdentifier>{981d6df4-b37a-46a9-9706-861e46bf5e05}</UniqueIdentifier>
      <Extensions>ico;cur;bmp;dlg;rc2;rct;bin;rgs;gif;jpg;jpeg;jpe</Extensions>
    </Filter>
  </ItemGroup>
  <ItemGroup>
    <ClCompile Include="bitmap.cpp">
      <Filter>Source Files</Filter>
    </ClCompile>
    <ClCompile Include="camera.cpp">
      <Filter>Source Files</Filter>
    </ClCompile>
    <ClCompile Include="modelerapp.cpp">
      <Filter>Source Files</Filter>
    </ClCompile>
    <ClCompile Include="modelerdraw.cpp">
      <Filter>Source Files</Filter>
    </ClCompile>
    <ClCompile Include="modelerui.cxx">
      <Filter>Source Files</Filter>
    </ClCompile>
    <ClCompile Include="modelerview.cpp">
      <Filter>Source Files</Filter>
    </ClCompile>
    <ClCompile Include="sample.cpp">
      <Filter>Source Files</Filter>
    </ClCompile>
  </ItemGroup>
  <ItemGroup>
    <ClInclude Include="bitmap.h">
      <Filter>Header Files</Filter>
    </ClInclude>
    <ClInclude Include="camera.h">
      <Filter>Header Files</Filter>
    </ClInclude>
    <ClInclude Include="mat.h">
      <Filter>Header Files</Filter>
    </ClInclude>
    <ClInclude Include="modelerapp.h">
      <Filter>Header Files</Filter>
    </ClInclude>
    <ClInclude Include="modelerdraw.h">
      <Filter>Header Files</Filter>
    </ClInclude>
    <ClInclude Include="modelerglobals.h">
      <Filter>Header Files</Filter>
    </ClInclude>
    <ClInclude Include="modelerui.h">
      <Filter>Header Files</Filter>
    </ClInclude>
    <ClInclude Include="modelerview.h">
      <Filter>Header Files</Filter>
    </ClInclude>
    <ClInclude Include="vec.h">
      <Filter>Header Files</Filter>
    </ClInclude>
  </ItemGroup>
</Project>